
Microsoft Visual Studio Solution File, Format Version 12.00
# Visual Studio 2015
Project("{FAE04EC0-301F-11D3-BF4B-00C04F79EFBC}") = "KingOfBlocks.CSharp.Plugins", "KingOfBlocks.CSharp.Plugins.csproj", "{18FA9371-71AA-60AD-A676-E0BAD3665D71}"
EndProject
Project("{FAE04EC0-301F-11D3-BF4B-00C04F79EFBC}") = "KingOfBlocks.CSharp", "KingOfBlocks.CSharp.csproj", "{E665B6C3-717A-7F86-F716-CEA189162C33}"
EndProject
Project("{FAE04EC0-301F-11D3-BF4B-00C04F79EFBC}") = "KingOfBlocks.CSharp.Editor", "KingOfBlocks.CSharp.Editor.csproj", "{869ACED5-336E-F4DE-A00D-39BB4406B1DF}"
EndProject
Global
	GlobalSection(SolutionConfigurationPlatforms) = preSolution
		Debug|Any CPU = Debug|Any CPU
		Release|Any CPU = Release|Any CPU
	EndGlobalSection
	GlobalSection(ProjectConfigurationPlatforms) = postSolution
		{18FA9371-71AA-60AD-A676-E0BAD3665D71}.Debug|Any CPU.ActiveCfg = Debug|Any CPU
		{18FA9371-71AA-60AD-A676-E0BAD3665D71}.Debug|Any CPU.Build.0 = Debug|Any CPU
		{18FA9371-71AA-60AD-A676-E0BAD3665D71}.Release|Any CPU.ActiveCfg = Release|Any CPU
		{18FA9371-71AA-60AD-A676-E0BAD3665D71}.Release|Any CPU.Build.0 = Release|Any CPU
		{E665B6C3-717A-7F86-F716-CEA189162C33}.Debug|Any CPU.ActiveCfg = Debug|Any CPU
		{E665B6C3-717A-7F86-F716-CEA189162C33}.Debug|Any CPU.Build.0 = Debug|Any CPU
		{E665B6C3-717A-7F86-F716-CEA189162C33}.Release|Any CPU.ActiveCfg = Release|Any CPU
		{E665B6C3-717A-7F86-F716-CEA189162C33}.Release|Any CPU.Build.0 = Release|Any CPU
		{869ACED5-336E-F4DE-A00D-39BB4406B1DF}.Debug|Any CPU.ActiveCfg = Debug|Any CPU
		{869ACED5-336E-F4DE-A00D-39BB4406B1DF}.Debug|Any CPU.Build.0 = Debug|Any CPU
		{869ACED5-336E-F4DE-A00D-39BB4406B1DF}.Release|Any CPU.ActiveCfg = Release|Any CPU
		{869ACED5-336E-F4DE-A00D-39BB4406B1DF}.Release|Any CPU.Build.0 = Release|Any CPU
	EndGlobalSection
	GlobalSection(SolutionProperties) = preSolution
		HideSolutionNode = FALSE
	EndGlobalSection
EndGlobal
